
Microsoft Visual Studio Solution File, Format Version 12.00
# Visual Studio Version 17
VisualStudioVersion = 17.9.34902.65
MinimumVisualStudioVersion = 10.0.40219.1
Project("{9A19103F-16F7-4668-BE54-9A1E7A4F7556}") = "CsaladfaKutatoApp", "CsaladfaKutatoApp.csproj", "{B4C55437-8FE8-4342-9C3A-1BE1145AB052}"
EndProject
Project("{9A19103F-16F7-4668-BE54-9A1E7A4F7556}") = "GraphViewerGDI", "..\..\..\Users\kivik\Downloads\automatic-graph-layout-master\automatic-graph-layout-master\GraphLayout\tools\GraphViewerGDI\GraphViewerGDI.csproj", "{C3B2A4C4-BBAB-4C36-9B54-E68B2D31D98F}"
EndProject
Global
	GlobalSection(SolutionConfigurationPlatforms) = preSolution
		Debug|Any CPU = Debug|Any CPU
		Release|Any CPU = Release|Any CPU
	EndGlobalSection
	GlobalSection(ProjectConfigurationPlatforms) = postSolution
		{B4C55437-8FE8-4342-9C3A-1BE1145AB052}.Debug|Any CPU.ActiveCfg = Debug|Any CPU
		{B4C55437-8FE8-4342-9C3A-1BE1145AB052}.Debug|Any CPU.Build.0 = Debug|Any CPU
		{B4C55437-8FE8-4342-9C3A-1BE1145AB052}.Release|Any CPU.ActiveCfg = Release|Any CPU
		{B4C55437-8FE8-4342-9C3A-1BE1145AB052}.Release|Any CPU.Build.0 = Release|Any CPU
		{C3B2A4C4-BBAB-4C36-9B54-E68B2D31D98F}.Debug|Any CPU.ActiveCfg = Debug|Any CPU
		{C3B2A4C4-BBAB-4C36-9B54-E68B2D31D98F}.Debug|Any CPU.Build.0 = Debug|Any CPU
		{C3B2A4C4-BBAB-4C36-9B54-E68B2D31D98F}.Release|Any CPU.ActiveCfg = Release|Any CPU
		{C3B2A4C4-BBAB-4C36-9B54-E68B2D31D98F}.Release|Any CPU.Build.0 = Release|Any CPU
	EndGlobalSection
	GlobalSection(SolutionProperties) = preSolution
		HideSolutionNode = FALSE
	EndGlobalSection
	GlobalSection(ExtensibilityGlobals) = postSolution
		SolutionGuid = {9B3032E3-1650-4EA6-A310-AFF2D586B49F}
	EndGlobalSection
EndGlobal
